// !$*UTF8*$!
{
	archiveVersion = 1;
	classes = {
	};
	objectVersion = 46;
	objects = {

/* Begin PBXBuildFile section */
		229393571DE88BCE001B5741 /* GZCircleSlider.m in Sources */ = {isa = PBXBuildFile; fileRef = 229393561DE88BCE001B5741 /* GZCircleSlider.m */; };
		22CA2FA61DE6B54E00F44AA8 /* main.m in Sources */ = {isa = PBXBuildFile; fileRef = 22CA2FA51DE6B54E00F44AA8 /* main.m */; };
		22CA2FA91DE6B54E00F44AA8 /* AppDelegate.m in Sources */ = {isa = PBXBuildFile; fileRef = 22CA2FA81DE6B54E00F44AA8 /* AppDelegate.m */; };
		22CA2FAC1DE6B54E00F44AA8 /* ViewController.m in Sources */ = {isa = PBXBuildFile; fileRef = 22CA2FAB1DE6B54E00F44AA8 /* ViewController.m */; };
		22CA2FAF1DE6B54E00F44AA8 /* Main.storyboard in Resources */ = {isa = PBXBuildFile; fileRef = 22CA2FAD1DE6B54E00F44AA8 /* Main.storyboard */; };
		22CA2FB11DE6B54E00F44AA8 /* Assets.xcassets in Resources */ = {isa = PBXBuildFile; fileRef = 22CA2FB01DE6B54E00F44AA8 /* Assets.xcassets */; };
		22CA2FB41DE6B54E00F44AA8 /* LaunchScreen.storyboard in Resources */ = {isa = PBXBuildFile; fileRef = 22CA2FB21DE6B54E00F44AA8 /* LaunchScreen.storyboard */; };
/* End PBXBuildFile section */

/* Begin PBXFileReference section */
		229393551DE88BCE001B5741 /* GZCircleSlider.h */ = {isa = PBXFileReference; fileEncoding = 4; lastKnownFileType = sourcecode.c.h; path = GZCircleSlider.h; sourceTree = "<group>"; };
		229393561DE88BCE001B5741 /* GZCircleSlider.m */ = {isa = PBXFileReference; fileEncoding = 4; lastKnownFileType = sourcecode.c.objc; path = GZCircleSlider.m; sourceTree = "<group>"; };
		22CA2FA11DE6B54E00F44AA8 /* GZCircleSlider.app */ = {isa = PBXFileReference; explicitFileType = wrapper.application; includeInIndex = 0; path = GZCircleSlider.app; sourceTree = BUILT_PRODUCTS_DIR; };
		22CA2FA51DE6B54E00F44AA8 /* main.m */ = {isa = PBXFileReference; lastKnownFileType = sourcecode.c.objc; path = main.m; sourceTree = "<group>"; };
		22CA2FA71DE6B54E00F44AA8 /* AppDelegate.h */ = {isa = PBXFileReference; lastKnownFileType = sourcecode.c.h; path = AppDelegate.h; sourceTree = "<group>"; };
		22CA2FA81DE6B54E00F44AA8 /* AppDelegate.m */ = {isa = PBXFileReference; lastKnownFileType = sourcecode.c.objc; path = AppDelegate.m; sourceTree = "<group>"; };
		22CA2FAA1DE6B54E00F44AA8 /* ViewController.h */ = {isa = PBXFileReference; lastKnownFileType = sourcecode.c.h; path = ViewController.h; sourceTree = "<group>"; };
		22CA2FAB1DE6B54E00F44AA8 /* ViewController.m */ = {isa = PBXFileReference; lastKnownFileType = sourcecode.c.objc; path = ViewController.m; sourceTree = "<group>"; };
		22CA2FAE1DE6B54E00F44AA8 /* Base */ = {isa = PBXFileReference; lastKnownFileType = file.storyboard; name = Base; path = Base.lproj/Main.storyboard; sourceTree = "<group>"; };
		22CA2FB01DE6B54E00F44AA8 /* Assets.xcassets */ = {isa = PBXFileReference; lastKnownFileType = folder.assetcatalog; path = Assets.xcassets; sourceTree = "<group>"; };
		22CA2FB31DE6B54E00F44AA8 /* Base */ = {isa = PBXFileReference; lastKnownFileType = file.storyboard; name = Base; path = Base.lproj/LaunchScreen.storyboard; sourceTree = "<group>"; };
		22CA2FB51DE6B54E00F44AA8 /* Info.plist */ = {isa = PBXFileReference; lastKnownFileType = text.plist.xml; path = Info.plist; sourceTree = "<group>"; };
/* End PBXFileReference section */

/* Begin PBXFrameworksBuildPhase section */
		22CA2F9E1DE6B54D00F44AA8 /* Frameworks */ = {
			isa = PBXFrameworksBuildPhase;
			buildActionMask = 2147483647;
			files = (
			);
			runOnlyForDeploymentPostprocessing = 0;
		};
/* End PBXFrameworksBuildPhase section */

/* Begin PBXGroup section */
		229393541DE88BB8001B5741 /* GZCircleSlider */ = {
			isa = PBXGroup;
			children = (
				229393551DE88BCE001B5741 /* GZCircleSlider.h */,
				229393561DE88BCE001B5741 /* GZCircleSlider.m */,
			);
			path = GZCircleSlider;
			sourceTree = "<group>";
		};
		22CA2F981DE6B54D00F44AA8 = {
			isa = PBXGroup;
			children = (
				22CA2FA31DE6B54E00F44AA8 /* GZCircleSlider */,
				22CA2FA21DE6B54E00F44AA8 /* Products */,
			);
			sourceTree = "<group>";
		};
		22CA2FA21DE6B54E00F44AA8 /* Products */ = {
			isa = PBXGroup;
			children = (
				22CA2FA11DE6B54E00F44AA8 /* GZCircleSlider.app */,
			);
			name = Products;
			sourceTree = "<group>";
		};
		22CA2FA31DE6B54E00F44AA8 /* GZCircleSlider */ = {
			isa = PBXGroup;
			children = (
				229393541DE88BB8001B5741 /* GZCircleSlider */,
				22CA2FA71DE6B54E00F44AA8 /* AppDelegate.h */,
				22CA2FA81DE6B54E00F44AA8 /* AppDelegate.m */,
				22CA2FAA1DE6B54E00F44AA8 /* ViewController.h */,
				22CA2FAB1DE6B54E00F44AA8 /* ViewController.m */,
				22CA2FAD1DE6B54E00F44AA8 /* Main.storyboard */,
				22CA2FB01DE6B54E00F44AA8 /* Assets.xcassets */,
				22CA2FB21DE6B54E00F44AA8 /* LaunchScreen.storyboard */,
				22CA2FB51DE6B54E00F44AA8 /* Info.plist */,
				22CA2FA41DE6B54E00F44AA8 /* Supporting Files */,
			);
			path = GZCircleSlider;
			sourceTree = "<group>";
		};
		22CA2FA41DE6B54E00F44AA8 /* Supporting Files */ = {
			isa = PBXGroup;
			children = (
				22CA2FA51DE6B54E00F44AA8 /* main.m */,
			);
			name = "Supporting Files";
			sourceTree = "<group>";
		};
/* End PBXGroup section */

/* Begin PBXNativeTarget section */
		22CA2FA01DE6B54D00F44AA8 /* GZCircleSlider */ = {
			isa = PBXNativeTarget;
			buildConfigurationList = 22CA2FB81DE6B54E00F44AA8 /* Build configuration list for PBXNativeTarget "GZCircleSlider" */;
			buildPhases = (
				22CA2F9D1DE6B54D00F44AA8 /* Sources */,
				22CA2F9E1DE6B54D00F44AA8 /* Frameworks */,
				22CA2F9F1DE6B54D00F44AA8 /* Resources */,
			);
			buildRules = (
			);
			dependencies = (
			);
			name = GZCircleSlider;
			productName = GZCircleSlider;
			productReference = 22CA2FA11DE6B54E00F44AA8 /* GZCircleSlider.app */;
			productType = "com.apple.product-type.application";
		};
/* End PBXNativeTarget section */

/* Begin PBXProject section */
		22CA2F991DE6B54D00F44AA8 /* Project object */ = {
			isa = PBXProject;
			attributes = {
				LastUpgradeCheck = 0810;
				ORGANIZATIONNAME = com.zlot.gz;
				TargetAttributes = {
					22CA2FA01DE6B54D00F44AA8 = {
						CreatedOnToolsVersion = 8.1;
						ProvisioningStyle = Automatic;
					};
				};
			};
			buildConfigurationList = 22CA2F9C1DE6B54D00F44AA8 /* Build configuration list for PBXProject "GZCircleSlider" */;
			compatibilityVersion = "Xcode 3.2";
			developmentRegion = English;
			hasScannedForEncodings = 0;
			knownRegions = (
				en,
				Base,
			);
			mainGroup = 22CA2F981DE6B54D00F44AA8;
			productRefGroup = 22CA2FA21DE6B54E00F44AA8 /* Products */;
			projectDirPath = "";
			projectRoot = "";
			targets = (
				22CA2FA01DE6B54D00F44AA8 /* GZCircleSlider */,
			);
		};
/* End PBXProject section */

/* Begin PBXResourcesBuildPhase section */
		22CA2F9F1DE6B54D00F44AA8 /* Resources */ = {
			isa = PBXResourcesBuildPhase;
			buildActionMask = 2147483647;
			files = (
				22CA2FB41DE6B54E00F44AA8 /* LaunchScreen.storyboard in Resources */,
				22CA2FB11DE6B54E00F44AA8 /* Assets.xcassets in Resources */,
				22CA2FAF1DE6B54E00F44AA8 /* Main.storyboard in Resources */,
			);
			runOnlyForDeploymentPostprocessing = 0;
		};
/* End PBXResourcesBuildPhase section */

/* Begin PBXSourcesBuildPhase section */
		22CA2F9D1DE6B54D00F44AA8 /* Sources */ = {
			isa = PBXSourcesBuildPhase;
			buildActionMask = 2147483647;
			files = (
				22CA2FAC1DE6B54E00F44AA8 /* ViewController.m in Sources */,
				229393571DE88BCE001B5741 /* GZCircleSlider.m in Sources */,
				22CA2FA91DE6B54E00F44AA8 /* AppDelegate.m in Sources */,
				22CA2FA61DE6B54E00F44AA8 /* main.m in Sources */,
			);
			runOnlyForDeploymentPostprocessing = 0;
		};
/* End PBXSourcesBuildPhase section */

/* Begin PBXVariantGroup section */
		22CA2FAD1DE6B54E00F44AA8 /* Main.storyboard */ = {
			isa = PBXVariantGroup;
			children = (
				22CA2FAE1DE6B54E00F44AA8 /* Base */,
			);
			name = Main.storyboard;
			sourceTree = "<group>";
		};
		22CA2FB21DE6B54E00F44AA8 /* LaunchScreen.storyboard */ = {
			isa = PBXVariantGroup;
			children = (
				22CA2FB31DE6B54E00F44AA8 /* Base */,
			);
			name = LaunchScreen.storyboard;
			sourceTree = "<group>";
		};
/* End PBXVariantGroup section */

/* Begin XCBuildConfiguration section */
		22CA2FB61DE6B54E00F44AA8 /* Debug */ = {
			isa = XCBuildConfiguration;
			buildSettings = {
				ALWAYS_SEARCH_USER_PATHS = NO;
				CLANG_ANALYZER_NONNULL = YES;
				CLANG_CXX_LANGUAGE_STANDARD = "gnu++0x";
				CLANG_CXX_LIBRARY = "libc++";
				CLANG_ENABLE_MODULES = YES;
				CLANG_ENABLE_OBJC_ARC = YES;
				CLANG_WARN_BOOL_CONVERSION = YES;
				CLANG_WARN_CONSTANT_CONVERSION = YES;
				CLANG_WARN_DIRECT_OBJC_ISA_USAGE = YES_ERROR;
				CLANG_WARN_DOCUMENTATION_COMMENTS = YES;
				CLANG_WARN_EMPTY_BODY = YES;
				CLANG_WARN_ENUM_CONVERSION = YES;
				CLANG_WARN_INFINITE_RECURSION = YES;
				CLANG_WARN_INT_CONVERSION = YES;
				CLANG_WARN_OBJC_ROOT_CLASS = YES_ERROR;
				CLANG_WARN_SUSPICIOUS_MOVES = YES;
				CLANG_WARN_UNREACHABLE_CODE = YES;
				CLANG_WARN__DUPLICATE_METHOD_MATCH = YES;
				"CODE_SIGN_IDENTITY[sdk=iphoneos*]" = "iPhone Developer";
				COPY_PHASE_STRIP = NO;
				DEBUG_INFORMATION_FORMAT = dwarf;
				ENABLE_STRICT_OBJC_MSGSEND = YES;
				ENABLE_TESTABILITY = YES;
				GCC_C_LANGUAGE_STANDARD = gnu99;
				GCC_DYNAMIC_NO_PIC = NO;
				GCC_NO_COMMON_BLOCKS = YES;
				GCC_OPTIMIZATION_LEVEL = 0;
				GCC_PREPROCESSOR_DEFINITIONS = (
					"DEBUG=1",
					"$(inherited)",
				);
				GCC_WARN_64_TO_32_BIT_CONVERSION = YES;
				GCC_WARN_ABOUT_RETURN_TYPE = YES_ERROR;
				GCC_WARN_UNDECLARED_SELECTOR = YES;
				GCC_WARN_UNINITIALIZED_AUTOS = YES_AGGRESSIVE;
				GCC_WARN_UNUSED_FUNCTION = YES;
				GCC_WARN_UNUSED_VARIABLE = YES;
				IPHONEOS_DEPLOYMENT_TARGET = 10.1;
				MTL_ENABLE_DEBUG_INFO = YES;
				ONLY_ACTIVE_ARCH = YES;
				SDKROOT = iphoneos;
				TARGETED_DEVICE_FAMILY = "1,2";
			};
			name = Debug;
		};
		22CA2FB71DE6B54E00F44AA8 /* Release */ = {
			isa = XCBuildConfiguration;
			buildSettings = {
				ALWAYS_SEARCH_USER_PATHS = NO;
				CLANG_ANALYZER_NONNULL = YES;
				CLANG_CXX_LANGUAGE_STANDARD = "gnu++0x";
				CLANG_CXX_LIBRARY = "libc++";
				CLANG_ENABLE_MODULES = YES;
				CLANG_ENABLE_OBJC_ARC = YES;
				CLANG_WARN_BOOL_CONVERSION = YES;
				CLANG_WARN_CONSTANT_CONVERSION = YES;
				CLANG_WARN_DIRECT_OBJC_ISA_USAGE = YES_ERROR;
				CLANG_WARN_DOCUMENTATION_COMMENTS = YES;
				CLANG_WARN_EMPTY_BODY = YES;
				CLANG_WARN_ENUM_CONVERSION = YES;
				CLANG_WARN_INFINITE_RECURSION = YES;
				CLANG_WARN_INT_CONVERSION = YES;
				CLANG_WARN_OBJC_ROOT_CLASS = YES_ERROR;
				CLANG_WARN_SUSPICIOUS_MOVES = YES;
				CLANG_WARN_UNREACHABLE_CODE = YES;
				CLANG_WARN__DUPLICATE_METHOD_MATCH = YES;
				"CODE_SIGN_IDENTITY[sdk=iphoneos*]" = "iPhone Developer";
				COPY_PHASE_STRIP = NO;
				DEBUG_INFORMATION_FORMAT = "dwarf-with-dsym";
				ENABLE_NS_ASSERTIONS = NO;
				ENABLE_STRICT_OBJC_MSGSEND = YES;
				GCC_C_LANGUAGE_STANDARD = gnu99;
				GCC_NO_COMMON_BLOCKS = YES;
				GCC_WARN_64_TO_32_BIT_CONVERSION = YES;
				GCC_WARN_ABOUT_RETURN_TYPE = YES_ERROR;
				GCC_WARN_UNDECLARED_SELECTOR = YES;
				GCC_WARN_UNINITIALIZED_AUTOS = YES_AGGRESSIVE;
				GCC_WARN_UNUSED_FUNCTION = YES;
				GCC_WARN_UNUSED_VARIABLE = YES;
				IPHONEOS_DEPLOYMENT_TARGET = 10.1;
				MTL_ENABLE_DEBUG_INFO = NO;
				SDKROOT = iphoneos;
				TARGETED_DEVICE_FAMILY = "1,2";
				VALIDATE_PRODUCT = YES;
			};
			name = Release;
		};
		22CA2FB91DE6B54E00F44AA8 /* Debug */ = {
			isa = XCBuildConfiguration;
			buildSettings = {
				ASSETCATALOG_COMPILER_APPICON_NAME = AppIcon;
				INFOPLIST_FILE = GZCircleSlider/Info.plist;
				LD_RUNPATH_SEARCH_PATHS = "$(inherited) @executable_path/Frameworks";
				PRODUCT_BUNDLE_IDENTIFIER = com.zlot.gz.GZCircleSlider;
				PRODUCT_NAME = "$(TARGET_NAME)";
			};
			name = Debug;
		};
		22CA2FBA1DE6B54E00F44AA8 /* Release */ = {
			isa = XCBuildConfiguration;
			buildSettings = {
				ASSETCATALOG_COMPILER_APPICON_NAME = AppIcon;
				INFOPLIST_FILE = GZCircleSlider/Info.plist;
				LD_RUNPATH_SEARCH_PATHS = "$(inherited) @executable_path/Frameworks";
				PRODUCT_BUNDLE_IDENTIFIER = com.zlot.gz.GZCircleSlider;
				PRODUCT_NAME = "$(TARGET_NAME)";
			};
			name = Release;
		};
/* End XCBuildConfiguration section */

/* Begin XCConfigurationList section */
		22CA2F9C1DE6B54D00F44AA8 /* Build configuration list for PBXProject "GZCircleSlider" */ = {
			isa = XCConfigurationList;
			buildConfigurations = (
				22CA2FB61DE6B54E00F44AA8 /* Debug */,
				22CA2FB71DE6B54E00F44AA8 /* Release */,
			);
			defaultConfigurationIsVisible = 0;
			defaultConfigurationName = Release;
		};
		22CA2FB81DE6B54E00F44AA8 /* Build configuration list for PBXNativeTarget "GZCircleSlider" */ = {
			isa = XCConfigurationList;
			buildConfigurations = (
				22CA2FB91DE6B54E00F44AA8 /* Debug */,
				22CA2FBA1DE6B54E00F44AA8 /* Release */,
			);
			defaultConfigurationIsVisible = 0;
			defaultConfigurationName = Release;
		};
/* End XCConfigurationList section */
	};
	rootObject = 22CA2F991DE6B54D00F44AA8 /* Project object */;
}
